<?xml version="1.0" encoding="utf-8"?>
<Project ToolsVersion="4.0" xmlns="http://schemas.microsoft.com/developer/msbuild/2003">
  <ItemGroup>
    <Filter Include="Source Files">
      <UniqueIdentifier>{4FC737F1-C7A5-4376-A066-2A32D752A2FF}</UniqueIdentifier>
      <Extensions>cpp;c;cc;cxx;def;odl;idl;hpj;bat;asm;asmx</Extensions>
    </Filter>
    <Filter Include="Header Files">
      <UniqueIdentifier>{93995380-89BD-4b04-88EB-625FBE52EBFB}</UniqueIdentifier>
      <Extensions>h;hh;hpp;hxx;hm;inl;inc;xsd</Extensions>
    </Filter>
    <Filter Include="Resource Files">
      <UniqueIdentifier>{67DA6AB6-F800-4c08-8B7A-83BB121AAD01}</UniqueIdentifier>
      <Extensions>rc;ico;cur;bmp;dlg;rc2;rct;bin;rgs;gif;jpg;jpeg;jpe;resx;tiff;tif;png;wav;mfcribbon-ms</Extensions>
    </Filter>
    <Filter Include="ECS">
      <UniqueIdentifier>{a5765bc7-9b49-430c-80bf-764f71f0528a}</UniqueIdentifier>
    </Filter>
    <Filter Include="ECS\Entities">
      <UniqueIdentifier>{5ad6f203-8897-4f36-b952-53828d9c73fe}</UniqueIdentifier>
    </Filter>
    <Filter Include="ECS\Components">
      <UniqueIdentifier>{196a0afb-ff0b-4f8e-969b-94f36b1c00e6}</UniqueIdentifier>
    </Filter>
    <Filter Include="ECS\Systems">
      <UniqueIdentifier>{2e1ce81f-cdc3-4548-aeca-4a03cb93d70e}</UniqueIdentifier>
    </Filter>
    <Filter Include="Networking">
      <UniqueIdentifier>{97e93f0e-a507-4731-b5ff-6ab35dc9df5e}</UniqueIdentifier>
    </Filter>
    <Filter Include="Behaviour Tree">
      <UniqueIdentifier>{4995f2db-35fd-4b88-8117-7f7a5d2ff9ed}</UniqueIdentifier>
    </Filter>
  </ItemGroup>
  <ItemGroup>
    <Text Include="ReadMe.txt" />
  </ItemGroup>
  <ItemGroup>
    <ClInclude Include="stdafx.h">
      <Filter>Header Files</Filter>
    </ClInclude>
    <ClInclude Include="targetver.h">
      <Filter>Header Files</Filter>
    </ClInclude>
    <ClInclude Include="Animation.h">
      <Filter>Header Files</Filter>
    </ClInclude>
    <ClInclude Include="BasicTypes.h">
      <Filter>Header Files</Filter>
    </ClInclude>
    <ClInclude Include="Game.h">
      <Filter>Header Files</Filter>
    </ClInclude>
    <ClInclude Include="LTimer.h">
      <Filter>Header Files</Filter>
    </ClInclude>
    <ClInclude Include="Renderer.h">
      <Filter>Header Files</Filter>
    </ClInclude>
    <ClInclude Include="Resource.h">
      <Filter>Header Files</Filter>
    </ClInclude>
    <ClInclude Include="ResourceManager.h">
      <Filter>Header Files</Filter>
    </ClInclude>
    <ClInclude Include="Vector2D.h">
      <Filter>Header Files</Filter>
    </ClInclude>
    <ClInclude Include="ECSInterfaces.h">
      <Filter>ECS</Filter>
    </ClInclude>
    <ClInclude Include="RenderSystem.h">
      <Filter>ECS\Systems</Filter>
    </ClInclude>
    <ClInclude Include="Drawables.h">
      <Filter>ECS\Components</Filter>
    </ClInclude>
    <ClInclude Include="Dimensional.h">
      <Filter>ECS\Components</Filter>
    </ClInclude>
    <ClInclude Include="InputSystem.h">
      <Filter>ECS\Systems</Filter>
    </ClInclude>
    <ClInclude Include="Systems.h">
      <Filter>ECS\Systems</Filter>
    </ClInclude>
    <ClInclude Include="Controller.h">
      <Filter>ECS\Components</Filter>
    </ClInclude>
    <ClInclude Include="Player.h">
      <Filter>ECS\Entities</Filter>
    </ClInclude>
    <ClInclude Include="LevelLoader.h">
      <Filter>Header Files</Filter>
    </ClInclude>
    <ClInclude Include="Components.h">
      <Filter>ECS\Components</Filter>
    </ClInclude>
    <ClInclude Include="StaticPolygon.h">
      <Filter>ECS\Entities</Filter>
    </ClInclude>
    <ClInclude Include="Entities.h">
      <Filter>ECS\Entities</Filter>
    </ClInclude>
    <ClInclude Include="PhysicsSystem.h">
      <Filter>ECS\Systems</Filter>
    </ClInclude>
    <ClInclude Include="EntityFactory.h">
      <Filter>Header Files</Filter>
    </ClInclude>
    <ClInclude Include="CollisionSystem.h">
      <Filter>ECS\Systems</Filter>
    </ClInclude>
    <ClInclude Include="Logic.h">
      <Filter>ECS\Components</Filter>
    </ClInclude>
    <ClInclude Include="SoftBox.h">
      <Filter>ECS\Entities</Filter>
    </ClInclude>
    <ClInclude Include="SlowShot.h">
      <Filter>ECS\Entities</Filter>
    </ClInclude>
    <ClInclude Include="AISystem.h">
      <Filter>ECS\Systems</Filter>
    </ClInclude>
    <ClInclude Include="RaceManager.h">
      <Filter>Header Files</Filter>
    </ClInclude>
    <ClInclude Include="CameraManager.h">
      <Filter>Header Files</Filter>
    </ClInclude>
    <ClInclude Include="WebDrop.h">
      <Filter>ECS\Entities</Filter>
    </ClInclude>
    <ClInclude Include="BoostPad.h">
      <Filter>ECS\Entities</Filter>
    </ClInclude>
    <ClInclude Include="DirectionVolume.h">
      <Filter>ECS\Entities</Filter>
    </ClInclude>
    <ClInclude Include="LuaEngine.h">
      <Filter>Networking</Filter>
    </ClInclude>
    <ClInclude Include="NetworkAdapter.h">
      <Filter>Networking</Filter>
    </ClInclude>
    <ClInclude Include="Net.h">
      <Filter>Networking</Filter>
    </ClInclude>
    <ClInclude Include="Singleton.h">
      <Filter>Header Files</Filter>
    </ClInclude>
    <ClInclude Include="FiniteStateMachine.h">
      <Filter>Header Files</Filter>
    </ClInclude>
    <ClInclude Include="BehaviourTree.h">
      <Filter>Behaviour Tree</Filter>
    </ClInclude>
    <ClInclude Include="Composite.h">
      <Filter>Behaviour Tree</Filter>
    </ClInclude>
    <ClInclude Include="Decorator.h">
      <Filter>Behaviour Tree</Filter>
    </ClInclude>
    <ClInclude Include="Leaf.h">
      <Filter>Behaviour Tree</Filter>
    </ClInclude>
    <ClInclude Include="Node.h">
      <Filter>Behaviour Tree</Filter>
    </ClInclude>
    <ClInclude Include="AudioManager.h">
      <Filter>Header Files</Filter>
    </ClInclude>
    <ClInclude Include="Observer.h">
      <Filter>Header Files</Filter>
    </ClInclude>
    <ClInclude Include="Subject.h">
      <Filter>Header Files</Filter>
    </ClInclude>
    <ClInclude Include="Interactables.h">
      <Filter>ECS\Components</Filter>
    </ClInclude>
  </ItemGroup>
  <ItemGroup>
    <ClCompile Include="stdafx.cpp">
      <Filter>Source Files</Filter>
    </ClCompile>
    <ClCompile Include="ATracknophilia.cpp">
      <Filter>Source Files</Filter>
    </ClCompile>
    <ClCompile Include="Animation.cpp">
      <Filter>Source Files</Filter>
    </ClCompile>
    <ClCompile Include="Game.cpp">
      <Filter>Source Files</Filter>
    </ClCompile>
    <ClCompile Include="LTimer.cpp">
      <Filter>Source Files</Filter>
    </ClCompile>
    <ClCompile Include="Renderer.cpp">
      <Filter>Source Files</Filter>
    </ClCompile>
    <ClCompile Include="Resource.cpp">
      <Filter>Source Files</Filter>
    </ClCompile>
    <ClCompile Include="ResourceManager.cpp">
      <Filter>Source Files</Filter>
    </ClCompile>
    <ClCompile Include="Vector2D.cpp">
      <Filter>Source Files</Filter>
    </ClCompile>
    <ClCompile Include="LevelLoader.cpp">
      <Filter>Source Files</Filter>
    </ClCompile>
    <ClCompile Include="RenderSystem.cpp">
      <Filter>ECS\Systems</Filter>
    </ClCompile>
    <ClCompile Include="EntityFactory.cpp">
      <Filter>Source Files</Filter>
    </ClCompile>
    <ClCompile Include="PhysicsSystem.cpp">
      <Filter>Source Files</Filter>
    </ClCompile>
    <ClCompile Include="Controller.cpp">
      <Filter>ECS\Components</Filter>
    </ClCompile>
    <ClCompile Include="CameraManager.cpp">
      <Filter>Source Files</Filter>
    </ClCompile>
    <ClCompile Include="RaceManager.cpp">
      <Filter>Source Files</Filter>
    </ClCompile>
    <ClCompile Include="Logic.cpp">
      <Filter>ECS\Components</Filter>
    </ClCompile>
    <ClCompile Include="DirectionVolume.cpp">
      <Filter>ECS\Entities</Filter>
    </ClCompile>
    <ClCompile Include="LuaEngine.cpp">
      <Filter>Networking</Filter>
    </ClCompile>
    <ClCompile Include="NetworkAdapter.cpp">
      <Filter>Source Files</Filter>
    </ClCompile>
    <ClCompile Include="Net.cpp">
      <Filter>Source Files</Filter>
    </ClCompile>
    <ClCompile Include="FiniteStateMachine.cpp">
      <Filter>Source Files</Filter>
    </ClCompile>
    <ClCompile Include="Leaf.cpp">
      <Filter>Behaviour Tree</Filter>
    </ClCompile>
    <ClCompile Include="AudioManager.cpp">
      <Filter>Source Files</Filter>
    </ClCompile>
    <ClCompile Include="Interactables.cpp">
      <Filter>ECS\Components</Filter>
    </ClCompile>
  </ItemGroup>
  <ItemGroup>
    <None Include="..\..\assets\readme.md" />
    <None Include="networking.lua">
      <Filter>Networking</Filter>
    </None>
  </ItemGroup>
</Project>